
Microsoft Visual Studio Solution File, Format Version 12.00
# Visual Studio Version 17
VisualStudioVersion = 17.8.34330.188
MinimumVisualStudioVersion = 10.0.40219.1
Project("{FAE04EC0-301F-11D3-BF4B-00C04F79EFBC}") = "Mutex", "Mutex.csproj", "{4E75F0DD-0AA9-4755-933E-F99A6C3F17DB}"
EndProject
Global
	GlobalSection(SolutionConfigurationPlatforms) = preSolution
		Debug|Any CPU = Debug|Any CPU
		Release|Any CPU = Release|Any CPU
	EndGlobalSection
	GlobalSection(ProjectConfigurationPlatforms) = postSolution
		{4E75F0DD-0AA9-4755-933E-F99A6C3F17DB}.Debug|Any CPU.ActiveCfg = Debug|Any CPU
		{4E75F0DD-0AA9-4755-933E-F99A6C3F17DB}.Debug|Any CPU.Build.0 = Debug|Any CPU
		{4E75F0DD-0AA9-4755-933E-F99A6C3F17DB}.Release|Any CPU.ActiveCfg = Release|Any CPU
		{4E75F0DD-0AA9-4755-933E-F99A6C3F17DB}.Release|Any CPU.Build.0 = Release|Any CPU
	EndGlobalSection
	GlobalSection(SolutionProperties) = preSolution
		HideSolutionNode = FALSE
	EndGlobalSection
	GlobalSection(ExtensibilityGlobals) = postSolution
		SolutionGuid = {1C3FA3EA-2B1A-4252-A1CB-EFCFEE4EB1E0}
	EndGlobalSection
EndGlobal
