
Microsoft Visual Studio Solution File, Format Version 12.00
# Visual Studio Version 17
VisualStudioVersion = 17.8.34316.72
MinimumVisualStudioVersion = 10.0.40219.1
Project("{FAE04EC0-301F-11D3-BF4B-00C04F79EFBC}") = "MarketApi", "MarketApi.csproj", "{8769A77C-81C0-4577-9AB8-38A9D0EFE32D}"
EndProject
Global
	GlobalSection(SolutionConfigurationPlatforms) = preSolution
		Debug|Any CPU = Debug|Any CPU
		Release|Any CPU = Release|Any CPU
	EndGlobalSection
	GlobalSection(ProjectConfigurationPlatforms) = postSolution
		{8769A77C-81C0-4577-9AB8-38A9D0EFE32D}.Debug|Any CPU.ActiveCfg = Debug|Any CPU
		{8769A77C-81C0-4577-9AB8-38A9D0EFE32D}.Debug|Any CPU.Build.0 = Debug|Any CPU
		{8769A77C-81C0-4577-9AB8-38A9D0EFE32D}.Release|Any CPU.ActiveCfg = Release|Any CPU
		{8769A77C-81C0-4577-9AB8-38A9D0EFE32D}.Release|Any CPU.Build.0 = Release|Any CPU
	EndGlobalSection
	GlobalSection(SolutionProperties) = preSolution
		HideSolutionNode = FALSE
	EndGlobalSection
	GlobalSection(ExtensibilityGlobals) = postSolution
		SolutionGuid = {2485A5FC-626F-4FFB-BC07-18C87D7F1471}
	EndGlobalSection
EndGlobal
