
Microsoft Visual Studio Solution File, Format Version 12.00
Project("{FAE04EC0-301F-11D3-BF4B-00C04F79EFBC}") = "TaskWhenAll", "TaskWhenAll\TaskWhenAll.csproj", "{79398E1B-4E59-478B-9770-030456381299}"
EndProject
Global
	GlobalSection(SolutionConfigurationPlatforms) = preSolution
		Debug|Any CPU = Debug|Any CPU
		Release|Any CPU = Release|Any CPU
	EndGlobalSection
	GlobalSection(ProjectConfigurationPlatforms) = postSolution
		{79398E1B-4E59-478B-9770-030456381299}.Debug|Any CPU.ActiveCfg = Debug|Any CPU
		{79398E1B-4E59-478B-9770-030456381299}.Debug|Any CPU.Build.0 = Debug|Any CPU
		{79398E1B-4E59-478B-9770-030456381299}.Release|Any CPU.ActiveCfg = Release|Any CPU
		{79398E1B-4E59-478B-9770-030456381299}.Release|Any CPU.Build.0 = Release|Any CPU
	EndGlobalSection
EndGlobal
