
Microsoft Visual Studio Solution File, Format Version 12.00
# Visual Studio Version 17
VisualStudioVersion = 17.8.34330.188
MinimumVisualStudioVersion = 10.0.40219.1
Project("{FAE04EC0-301F-11D3-BF4B-00C04F79EFBC}") = "ExampleWithLock", "ExampleWithLock.csproj", "{00442066-1FD7-406F-846A-CDFD1F0E5B9D}"
EndProject
Project("{FAE04EC0-301F-11D3-BF4B-00C04F79EFBC}") = "ExampleWithoutLock", "..\ExampleWithoutLock\ExampleWithoutLock.csproj", "{93E321C9-1EE2-4E98-A7D7-B61240F2D296}"
EndProject
Global
	GlobalSection(SolutionConfigurationPlatforms) = preSolution
		Debug|Any CPU = Debug|Any CPU
		Release|Any CPU = Release|Any CPU
	EndGlobalSection
	GlobalSection(ProjectConfigurationPlatforms) = postSolution
		{00442066-1FD7-406F-846A-CDFD1F0E5B9D}.Debug|Any CPU.ActiveCfg = Debug|Any CPU
		{00442066-1FD7-406F-846A-CDFD1F0E5B9D}.Debug|Any CPU.Build.0 = Debug|Any CPU
		{00442066-1FD7-406F-846A-CDFD1F0E5B9D}.Release|Any CPU.ActiveCfg = Release|Any CPU
		{00442066-1FD7-406F-846A-CDFD1F0E5B9D}.Release|Any CPU.Build.0 = Release|Any CPU
		{93E321C9-1EE2-4E98-A7D7-B61240F2D296}.Debug|Any CPU.ActiveCfg = Debug|Any CPU
		{93E321C9-1EE2-4E98-A7D7-B61240F2D296}.Debug|Any CPU.Build.0 = Debug|Any CPU
		{93E321C9-1EE2-4E98-A7D7-B61240F2D296}.Release|Any CPU.ActiveCfg = Release|Any CPU
		{93E321C9-1EE2-4E98-A7D7-B61240F2D296}.Release|Any CPU.Build.0 = Release|Any CPU
	EndGlobalSection
	GlobalSection(SolutionProperties) = preSolution
		HideSolutionNode = FALSE
	EndGlobalSection
	GlobalSection(ExtensibilityGlobals) = postSolution
		SolutionGuid = {B41D5503-127B-4591-A875-7DCBE5BBDD67}
	EndGlobalSection
EndGlobal
